
Microsoft Visual Studio Solution File, Format Version 12.00
# Visual Studio Version 17
VisualStudioVersion = 17.4.33213.308
MinimumVisualStudioVersion = 10.0.40219.1
Project("{9A19103F-16F7-4668-BE54-9A1E7A4F7556}") = "Learning05", "Learning05.csproj", "{1309E37B-25D5-459E-B854-B596959AB073}"
EndProject
Global
	GlobalSection(SolutionConfigurationPlatforms) = preSolution
		Debug|Any CPU = Debug|Any CPU
		Release|Any CPU = Release|Any CPU
	EndGlobalSection
	GlobalSection(ProjectConfigurationPlatforms) = postSolution
		{1309E37B-25D5-459E-B854-B596959AB073}.Debug|Any CPU.ActiveCfg = Debug|Any CPU
		{1309E37B-25D5-459E-B854-B596959AB073}.Debug|Any CPU.Build.0 = Debug|Any CPU
		{1309E37B-25D5-459E-B854-B596959AB073}.Release|Any CPU.ActiveCfg = Release|Any CPU
		{1309E37B-25D5-459E-B854-B596959AB073}.Release|Any CPU.Build.0 = Release|Any CPU
	EndGlobalSection
	GlobalSection(SolutionProperties) = preSolution
		HideSolutionNode = FALSE
	EndGlobalSection
	GlobalSection(ExtensibilityGlobals) = postSolution
		SolutionGuid = {7AF31B01-D6FA-43F1-B45A-5EC9D97CCD1F}
	EndGlobalSection
EndGlobal
