
Microsoft Visual Studio Solution File, Format Version 12.00
# Visual Studio Version 17
VisualStudioVersion = 17.4.33213.308
MinimumVisualStudioVersion = 10.0.40219.1
Project("{9A19103F-16F7-4668-BE54-9A1E7A4F7556}") = "Develop03", "Develop03.csproj", "{C1F4A2B9-D47F-4C77-93DC-776BF0062D83}"
EndProject
Global
	GlobalSection(SolutionConfigurationPlatforms) = preSolution
		Debug|Any CPU = Debug|Any CPU
		Release|Any CPU = Release|Any CPU
	EndGlobalSection
	GlobalSection(ProjectConfigurationPlatforms) = postSolution
		{C1F4A2B9-D47F-4C77-93DC-776BF0062D83}.Debug|Any CPU.ActiveCfg = Debug|Any CPU
		{C1F4A2B9-D47F-4C77-93DC-776BF0062D83}.Debug|Any CPU.Build.0 = Debug|Any CPU
		{C1F4A2B9-D47F-4C77-93DC-776BF0062D83}.Release|Any CPU.ActiveCfg = Release|Any CPU
		{C1F4A2B9-D47F-4C77-93DC-776BF0062D83}.Release|Any CPU.Build.0 = Release|Any CPU
	EndGlobalSection
	GlobalSection(SolutionProperties) = preSolution
		HideSolutionNode = FALSE
	EndGlobalSection
	GlobalSection(ExtensibilityGlobals) = postSolution
		SolutionGuid = {7A228E4B-2073-4D1F-A11A-583CAEC4214F}
	EndGlobalSection
EndGlobal
