
Microsoft Visual Studio Solution File, Format Version 12.00
# Visual Studio Version 17
VisualStudioVersion = 17.4.33213.308
MinimumVisualStudioVersion = 10.0.40219.1
Project("{9A19103F-16F7-4668-BE54-9A1E7A4F7556}") = "Develop04", "Develop04.csproj", "{3FCFB5E2-D118-42A3-80BE-37DDD279BB69}"
EndProject
Global
	GlobalSection(SolutionConfigurationPlatforms) = preSolution
		Debug|Any CPU = Debug|Any CPU
		Release|Any CPU = Release|Any CPU
	EndGlobalSection
	GlobalSection(ProjectConfigurationPlatforms) = postSolution
		{3FCFB5E2-D118-42A3-80BE-37DDD279BB69}.Debug|Any CPU.ActiveCfg = Debug|Any CPU
		{3FCFB5E2-D118-42A3-80BE-37DDD279BB69}.Debug|Any CPU.Build.0 = Debug|Any CPU
		{3FCFB5E2-D118-42A3-80BE-37DDD279BB69}.Release|Any CPU.ActiveCfg = Release|Any CPU
		{3FCFB5E2-D118-42A3-80BE-37DDD279BB69}.Release|Any CPU.Build.0 = Release|Any CPU
	EndGlobalSection
	GlobalSection(SolutionProperties) = preSolution
		HideSolutionNode = FALSE
	EndGlobalSection
	GlobalSection(ExtensibilityGlobals) = postSolution
		SolutionGuid = {98A4D02D-7B64-43DE-BA1F-BD76748414A9}
	EndGlobalSection
EndGlobal
